
Microsoft Visual Studio Solution File, Format Version 12.00
# Visual Studio 2012
Project("{FAE04EC0-301F-11D3-BF4B-00C04F79EFBC}") = "Sample", "Sample\Sample.csproj", "{B5927576-6139-4444-ACD5-F06A4EFF2503}"
EndProject
Project("{FAE04EC0-301F-11D3-BF4B-00C04F79EFBC}") = "Sample.UITests", "Sample.UITests\Sample.UITests.csproj", "{0F3B6A57-0F81-4B72-954D-D65BE9AB68D4}"
EndProject
Global
	GlobalSection(SolutionConfigurationPlatforms) = preSolution
		Debug|Any CPU = Debug|Any CPU
		Release|Any CPU = Release|Any CPU
	EndGlobalSection
	GlobalSection(ProjectConfigurationPlatforms) = postSolution
		{B5927576-6139-4444-ACD5-F06A4EFF2503}.Debug|Any CPU.ActiveCfg = Debug|Any CPU
		{B5927576-6139-4444-ACD5-F06A4EFF2503}.Debug|Any CPU.Build.0 = Debug|Any CPU
		{B5927576-6139-4444-ACD5-F06A4EFF2503}.Release|Any CPU.ActiveCfg = Release|Any CPU
		{B5927576-6139-4444-ACD5-F06A4EFF2503}.Release|Any CPU.Build.0 = Release|Any CPU
		{0F3B6A57-0F81-4B72-954D-D65BE9AB68D4}.Debug|Any CPU.ActiveCfg = Debug|Any CPU
		{0F3B6A57-0F81-4B72-954D-D65BE9AB68D4}.Debug|Any CPU.Build.0 = Debug|Any CPU
		{0F3B6A57-0F81-4B72-954D-D65BE9AB68D4}.Release|Any CPU.ActiveCfg = Release|Any CPU
		{0F3B6A57-0F81-4B72-954D-D65BE9AB68D4}.Release|Any CPU.Build.0 = Release|Any CPU
	EndGlobalSection
EndGlobal
